
Microsoft Visual Studio Solution File, Format Version 12.00
# Visual Studio Version 16
VisualStudioVersion = 16.0.28803.452
MinimumVisualStudioVersion = 10.0.40219.1
Project("{FAE04EC0-301F-11D3-BF4B-00C04F79EFBC}") = "Site", "Site\Site.csproj", "{ADAD12CE-6AD8-4FC1-8043-A41B3EA34D38}"
EndProject
Global
	GlobalSection(SolutionConfigurationPlatforms) = preSolution
		Debug|Any CPU = Debug|Any CPU
		Release|Any CPU = Release|Any CPU
	EndGlobalSection
	GlobalSection(ProjectConfigurationPlatforms) = postSolution
		{ADAD12CE-6AD8-4FC1-8043-A41B3EA34D38}.Debug|Any CPU.ActiveCfg = Debug|Any CPU
		{ADAD12CE-6AD8-4FC1-8043-A41B3EA34D38}.Debug|Any CPU.Build.0 = Debug|Any CPU
		{ADAD12CE-6AD8-4FC1-8043-A41B3EA34D38}.Release|Any CPU.ActiveCfg = Release|Any CPU
		{ADAD12CE-6AD8-4FC1-8043-A41B3EA34D38}.Release|Any CPU.Build.0 = Release|Any CPU
	EndGlobalSection
	GlobalSection(SolutionProperties) = preSolution
		HideSolutionNode = FALSE
	EndGlobalSection
	GlobalSection(ExtensibilityGlobals) = postSolution
		SolutionGuid = {1C9BFA85-0557-4F1E-9F08-04E17D4DAC80}
	EndGlobalSection
EndGlobal
